// !$*UTF8*$!
{
	archiveVersion = 1;
	classes = {
	};
	objectVersion = 50;
	objects = {

/* Begin PBXBuildFile section */
		BF99DD76250F805C005E9449 /* AppDelegate.swift in Sources */ = {isa = PBXBuildFile; fileRef = BF99DD75250F805C005E9449 /* AppDelegate.swift */; };
		BF99DD78250F805C005E9449 /* SceneDelegate.swift in Sources */ = {isa = PBXBuildFile; fileRef = BF99DD77250F805C005E9449 /* SceneDelegate.swift */; };
		BF99DD7A250F805C005E9449 /* HomeContentView.swift in Sources */ = {isa = PBXBuildFile; fileRef = BF99DD79250F805C005E9449 /* HomeContentView.swift */; };
		BF99DD7C250F805E005E9449 /* Assets.xcassets in Resources */ = {isa = PBXBuildFile; fileRef = BF99DD7B250F805E005E9449 /* Assets.xcassets */; };
		BF99DD7F250F805E005E9449 /* Preview Assets.xcassets in Resources */ = {isa = PBXBuildFile; fileRef = BF99DD7E250F805E005E9449 /* Preview Assets.xcassets */; };
		BF99DD82250F805E005E9449 /* LaunchScreen.storyboard in Resources */ = {isa = PBXBuildFile; fileRef = BF99DD80250F805E005E9449 /* LaunchScreen.storyboard */; };
		BF99DD8D250F805E005E9449 /* NetflixSwiftUITests.swift in Sources */ = {isa = PBXBuildFile; fileRef = BF99DD8C250F805E005E9449 /* NetflixSwiftUITests.swift */; };
		BF99DD98250F805E005E9449 /* NetflixSwiftUIUITests.swift in Sources */ = {isa = PBXBuildFile; fileRef = BF99DD97250F805E005E9449 /* NetflixSwiftUIUITests.swift */; };
		BF99DDA7250F90E5005E9449 /* Movie.swift in Sources */ = {isa = PBXBuildFile; fileRef = BF99DDA6250F90E5005E9449 /* Movie.swift */; };
		BF99DDAA250F914B005E9449 /* WebServices.swift in Sources */ = {isa = PBXBuildFile; fileRef = BF99DDA9250F914B005E9449 /* WebServices.swift */; };
		BF99DDAD250F92E2005E9449 /* HomeContentViewModel.swift in Sources */ = {isa = PBXBuildFile; fileRef = BF99DDAC250F92E2005E9449 /* HomeContentViewModel.swift */; };
		BFD6F94C250F9CCB00AAAB3B /* WebImageHelper.swift in Sources */ = {isa = PBXBuildFile; fileRef = BFD6F94B250F9CCB00AAAB3B /* WebImageHelper.swift */; };
		BFD6F94E250FA0FB00AAAB3B /* AppTabView.swift in Sources */ = {isa = PBXBuildFile; fileRef = BFD6F94D250FA0FB00AAAB3B /* AppTabView.swift */; };
		BFD6F950250FA13700AAAB3B /* SearchView.swift in Sources */ = {isa = PBXBuildFile; fileRef = BFD6F94F250FA13700AAAB3B /* SearchView.swift */; };
/* End PBXBuildFile section */

/* Begin PBXContainerItemProxy section */
		BF99DD89250F805E005E9449 /* PBXContainerItemProxy */ = {
			isa = PBXContainerItemProxy;
			containerPortal = BF99DD6A250F805C005E9449 /* Project object */;
			proxyType = 1;
			remoteGlobalIDString = BF99DD71250F805C005E9449;
			remoteInfo = NetflixSwiftUI;
		};
		BF99DD94250F805E005E9449 /* PBXContainerItemProxy */ = {
			isa = PBXContainerItemProxy;
			containerPortal = BF99DD6A250F805C005E9449 /* Project object */;
			proxyType = 1;
			remoteGlobalIDString = BF99DD71250F805C005E9449;
			remoteInfo = NetflixSwiftUI;
		};
/* End PBXContainerItemProxy section */

/* Begin PBXFileReference section */
		BF99DD72250F805C005E9449 /* NetflixSwiftUI.app */ = {isa = PBXFileReference; explicitFileType = wrapper.application; includeInIndex = 0; path = NetflixSwiftUI.app; sourceTree = BUILT_PRODUCTS_DIR; };
		BF99DD75250F805C005E9449 /* AppDelegate.swift */ = {isa = PBXFileReference; lastKnownFileType = sourcecode.swift; path = AppDelegate.swift; sourceTree = "<group>"; };
		BF99DD77250F805C005E9449 /* SceneDelegate.swift */ = {isa = PBXFileReference; lastKnownFileType = sourcecode.swift; path = SceneDelegate.swift; sourceTree = "<group>"; };
		BF99DD79250F805C005E9449 /* HomeContentView.swift */ = {isa = PBXFileReference; lastKnownFileType = sourcecode.swift; path = HomeContentView.swift; sourceTree = "<group>"; };
		BF99DD7B250F805E005E9449 /* Assets.xcassets */ = {isa = PBXFileReference; lastKnownFileType = folder.assetcatalog; path = Assets.xcassets; sourceTree = "<group>"; };
		BF99DD7E250F805E005E9449 /* Preview Assets.xcassets */ = {isa = PBXFileReference; lastKnownFileType = folder.assetcatalog; path = "Preview Assets.xcassets"; sourceTree = "<group>"; };
		BF99DD81250F805E005E9449 /* Base */ = {isa = PBXFileReference; lastKnownFileType = file.storyboard; name = Base; path = Base.lproj/LaunchScreen.storyboard; sourceTree = "<group>"; };
		BF99DD83250F805E005E9449 /* Info.plist */ = {isa = PBXFileReference; lastKnownFileType = text.plist.xml; path = Info.plist; sourceTree = "<group>"; };
		BF99DD88250F805E005E9449 /* NetflixSwiftUITests.xctest */ = {isa = PBXFileReference; explicitFileType = wrapper.cfbundle; includeInIndex = 0; path = NetflixSwiftUITests.xctest; sourceTree = BUILT_PRODUCTS_DIR; };
		BF99DD8C250F805E005E9449 /* NetflixSwiftUITests.swift */ = {isa = PBXFileReference; lastKnownFileType = sourcecode.swift; path = NetflixSwiftUITests.swift; sourceTree = "<group>"; };
		BF99DD8E250F805E005E9449 /* Info.plist */ = {isa = PBXFileReference; lastKnownFileType = text.plist.xml; path = Info.plist; sourceTree = "<group>"; };
		BF99DD93250F805E005E9449 /* NetflixSwiftUIUITests.xctest */ = {isa = PBXFileReference; explicitFileType = wrapper.cfbundle; includeInIndex = 0; path = NetflixSwiftUIUITests.xctest; sourceTree = BUILT_PRODUCTS_DIR; };
		BF99DD97250F805E005E9449 /* NetflixSwiftUIUITests.swift */ = {isa = PBXFileReference; lastKnownFileType = sourcecode.swift; path = NetflixSwiftUIUITests.swift; sourceTree = "<group>"; };
		BF99DD99250F805E005E9449 /* Info.plist */ = {isa = PBXFileReference; lastKnownFileType = text.plist.xml; path = Info.plist; sourceTree = "<group>"; };
		BF99DDA6250F90E5005E9449 /* Movie.swift */ = {isa = PBXFileReference; lastKnownFileType = sourcecode.swift; path = Movie.swift; sourceTree = "<group>"; };
		BF99DDA9250F914B005E9449 /* WebServices.swift */ = {isa = PBXFileReference; lastKnownFileType = sourcecode.swift; path = WebServices.swift; sourceTree = "<group>"; };
		BF99DDAC250F92E2005E9449 /* HomeContentViewModel.swift */ = {isa = PBXFileReference; lastKnownFileType = sourcecode.swift; path = HomeContentViewModel.swift; sourceTree = "<group>"; };
		BFD6F94B250F9CCB00AAAB3B /* WebImageHelper.swift */ = {isa = PBXFileReference; lastKnownFileType = sourcecode.swift; path = WebImageHelper.swift; sourceTree = "<group>"; };
		BFD6F94D250FA0FB00AAAB3B /* AppTabView.swift */ = {isa = PBXFileReference; lastKnownFileType = sourcecode.swift; path = AppTabView.swift; sourceTree = "<group>"; };
		BFD6F94F250FA13700AAAB3B /* SearchView.swift */ = {isa = PBXFileReference; lastKnownFileType = sourcecode.swift; path = SearchView.swift; sourceTree = "<group>"; };
/* End PBXFileReference section */

/* Begin PBXFrameworksBuildPhase section */
		BF99DD6F250F805C005E9449 /* Frameworks */ = {
			isa = PBXFrameworksBuildPhase;
			buildActionMask = 2147483647;
			files = (
			);
			runOnlyForDeploymentPostprocessing = 0;
		};
		BF99DD85250F805E005E9449 /* Frameworks */ = {
			isa = PBXFrameworksBuildPhase;
			buildActionMask = 2147483647;
			files = (
			);
			runOnlyForDeploymentPostprocessing = 0;
		};
		BF99DD90250F805E005E9449 /* Frameworks */ = {
			isa = PBXFrameworksBuildPhase;
			buildActionMask = 2147483647;
			files = (
			);
			runOnlyForDeploymentPostprocessing = 0;
		};
/* End PBXFrameworksBuildPhase section */

/* Begin PBXGroup section */
		BF99DD69250F805C005E9449 = {
			isa = PBXGroup;
			children = (
				BF99DD74250F805C005E9449 /* NetflixSwiftUI */,
				BF99DD8B250F805E005E9449 /* NetflixSwiftUITests */,
				BF99DD96250F805E005E9449 /* NetflixSwiftUIUITests */,
				BF99DD73250F805C005E9449 /* Products */,
			);
			sourceTree = "<group>";
		};
		BF99DD73250F805C005E9449 /* Products */ = {
			isa = PBXGroup;
			children = (
				BF99DD72250F805C005E9449 /* NetflixSwiftUI.app */,
				BF99DD88250F805E005E9449 /* NetflixSwiftUITests.xctest */,
				BF99DD93250F805E005E9449 /* NetflixSwiftUIUITests.xctest */,
			);
			name = Products;
			sourceTree = "<group>";
		};
		BF99DD74250F805C005E9449 /* NetflixSwiftUI */ = {
			isa = PBXGroup;
			children = (
				BFD6F94A250F9CAB00AAAB3B /* Helpers */,
				BF99DDAB250F92CD005E9449 /* ViewModels */,
				BF99DDA8250F9129005E9449 /* Services */,
				BF99DDA5250F90D3005E9449 /* DataModels */,
				BF99DD75250F805C005E9449 /* AppDelegate.swift */,
				BF99DD77250F805C005E9449 /* SceneDelegate.swift */,
				BFD6F94F250FA13700AAAB3B /* SearchView.swift */,
				BF99DD79250F805C005E9449 /* HomeContentView.swift */,
				BFD6F94D250FA0FB00AAAB3B /* AppTabView.swift */,
				BF99DD7B250F805E005E9449 /* Assets.xcassets */,
				BF99DD80250F805E005E9449 /* LaunchScreen.storyboard */,
				BF99DD83250F805E005E9449 /* Info.plist */,
				BF99DD7D250F805E005E9449 /* Preview Content */,
			);
			path = NetflixSwiftUI;
			sourceTree = "<group>";
		};
		BF99DD7D250F805E005E9449 /* Preview Content */ = {
			isa = PBXGroup;
			children = (
				BF99DD7E250F805E005E9449 /* Preview Assets.xcassets */,
			);
			path = "Preview Content";
			sourceTree = "<group>";
		};
		BF99DD8B250F805E005E9449 /* NetflixSwiftUITests */ = {
			isa = PBXGroup;
			children = (
				BF99DD8C250F805E005E9449 /* NetflixSwiftUITests.swift */,
				BF99DD8E250F805E005E9449 /* Info.plist */,
			);
			path = NetflixSwiftUITests;
			sourceTree = "<group>";
		};
		BF99DD96250F805E005E9449 /* NetflixSwiftUIUITests */ = {
			isa = PBXGroup;
			children = (
				BF99DD97250F805E005E9449 /* NetflixSwiftUIUITests.swift */,
				BF99DD99250F805E005E9449 /* Info.plist */,
			);
			path = NetflixSwiftUIUITests;
			sourceTree = "<group>";
		};
		BF99DDA5250F90D3005E9449 /* DataModels */ = {
			isa = PBXGroup;
			children = (
				BF99DDA6250F90E5005E9449 /* Movie.swift */,
			);
			path = DataModels;
			sourceTree = "<group>";
		};
		BF99DDA8250F9129005E9449 /* Services */ = {
			isa = PBXGroup;
			children = (
				BF99DDA9250F914B005E9449 /* WebServices.swift */,
			);
			path = Services;
			sourceTree = "<group>";
		};
		BF99DDAB250F92CD005E9449 /* ViewModels */ = {
			isa = PBXGroup;
			children = (
				BF99DDAC250F92E2005E9449 /* HomeContentViewModel.swift */,
			);
			path = ViewModels;
			sourceTree = "<group>";
		};
		BFD6F94A250F9CAB00AAAB3B /* Helpers */ = {
			isa = PBXGroup;
			children = (
				BFD6F94B250F9CCB00AAAB3B /* WebImageHelper.swift */,
			);
			path = Helpers;
			sourceTree = "<group>";
		};
/* End PBXGroup section */

/* Begin PBXNativeTarget section */
		BF99DD71250F805C005E9449 /* NetflixSwiftUI */ = {
			isa = PBXNativeTarget;
			buildConfigurationList = BF99DD9C250F805E005E9449 /* Build configuration list for PBXNativeTarget "NetflixSwiftUI" */;
			buildPhases = (
				BF99DD6E250F805C005E9449 /* Sources */,
				BF99DD6F250F805C005E9449 /* Frameworks */,
				BF99DD70250F805C005E9449 /* Resources */,
			);
			buildRules = (
			);
			dependencies = (
			);
			name = NetflixSwiftUI;
			productName = NetflixSwiftUI;
			productReference = BF99DD72250F805C005E9449 /* NetflixSwiftUI.app */;
			productType = "com.apple.product-type.application";
		};
		BF99DD87250F805E005E9449 /* NetflixSwiftUITests */ = {
			isa = PBXNativeTarget;
			buildConfigurationList = BF99DD9F250F805E005E9449 /* Build configuration list for PBXNativeTarget "NetflixSwiftUITests" */;
			buildPhases = (
				BF99DD84250F805E005E9449 /* Sources */,
				BF99DD85250F805E005E9449 /* Frameworks */,
				BF99DD86250F805E005E9449 /* Resources */,
			);
			buildRules = (
			);
			dependencies = (
				BF99DD8A250F805E005E9449 /* PBXTargetDependency */,
			);
			name = NetflixSwiftUITests;
			productName = NetflixSwiftUITests;
			productReference = BF99DD88250F805E005E9449 /* NetflixSwiftUITests.xctest */;
			productType = "com.apple.product-type.bundle.unit-test";
		};
		BF99DD92250F805E005E9449 /* NetflixSwiftUIUITests */ = {
			isa = PBXNativeTarget;
			buildConfigurationList = BF99DDA2250F805E005E9449 /* Build configuration list for PBXNativeTarget "NetflixSwiftUIUITests" */;
			buildPhases = (
				BF99DD8F250F805E005E9449 /* Sources */,
				BF99DD90250F805E005E9449 /* Frameworks */,
				BF99DD91250F805E005E9449 /* Resources */,
			);
			buildRules = (
			);
			dependencies = (
				BF99DD95250F805E005E9449 /* PBXTargetDependency */,
			);
			name = NetflixSwiftUIUITests;
			productName = NetflixSwiftUIUITests;
			productReference = BF99DD93250F805E005E9449 /* NetflixSwiftUIUITests.xctest */;
			productType = "com.apple.product-type.bundle.ui-testing";
		};
/* End PBXNativeTarget section */

/* Begin PBXProject section */
		BF99DD6A250F805C005E9449 /* Project object */ = {
			isa = PBXProject;
			attributes = {
				LastSwiftUpdateCheck = 1170;
				LastUpgradeCheck = 1170;
				ORGANIZATIONNAME = "JAYANTA GOGOI";
				TargetAttributes = {
					BF99DD71250F805C005E9449 = {
						CreatedOnToolsVersion = 11.7;
					};
					BF99DD87250F805E005E9449 = {
						CreatedOnToolsVersion = 11.7;
						TestTargetID = BF99DD71250F805C005E9449;
					};
					BF99DD92250F805E005E9449 = {
						CreatedOnToolsVersion = 11.7;
						TestTargetID = BF99DD71250F805C005E9449;
					};
				};
			};
			buildConfigurationList = BF99DD6D250F805C005E9449 /* Build configuration list for PBXProject "NetflixSwiftUI" */;
			compatibilityVersion = "Xcode 9.3";
			developmentRegion = en;
			hasScannedForEncodings = 0;
			knownRegions = (
				en,
				Base,
			);
			mainGroup = BF99DD69250F805C005E9449;
			productRefGroup = BF99DD73250F805C005E9449 /* Products */;
			projectDirPath = "";
			projectRoot = "";
			targets = (
				BF99DD71250F805C005E9449 /* NetflixSwiftUI */,
				BF99DD87250F805E005E9449 /* NetflixSwiftUITests */,
				BF99DD92250F805E005E9449 /* NetflixSwiftUIUITests */,
			);
		};
/* End PBXProject section */

/* Begin PBXResourcesBuildPhase section */
		BF99DD70250F805C005E9449 /* Resources */ = {
			isa = PBXResourcesBuildPhase;
			buildActionMask = 2147483647;
			files = (
				BF99DD82250F805E005E9449 /* LaunchScreen.storyboard in Resources */,
				BF99DD7F250F805E005E9449 /* Preview Assets.xcassets in Resources */,
				BF99DD7C250F805E005E9449 /* Assets.xcassets in Resources */,
			);
			runOnlyForDeploymentPostprocessing = 0;
		};
		BF99DD86250F805E005E9449 /* Resources */ = {
			isa = PBXResourcesBuildPhase;
			buildActionMask = 2147483647;
			files = (
			);
			runOnlyForDeploymentPostprocessing = 0;
		};
		BF99DD91250F805E005E9449 /* Resources */ = {
			isa = PBXResourcesBuildPhase;
			buildActionMask = 2147483647;
			files = (
			);
			runOnlyForDeploymentPostprocessing = 0;
		};
/* End PBXResourcesBuildPhase section */

/* Begin PBXSourcesBuildPhase section */
		BF99DD6E250F805C005E9449 /* Sources */ = {
			isa = PBXSourcesBuildPhase;
			buildActionMask = 2147483647;
			files = (
				BFD6F94C250F9CCB00AAAB3B /* WebImageHelper.swift in Sources */,
				BFD6F950250FA13700AAAB3B /* SearchView.swift in Sources */,
				BF99DD76250F805C005E9449 /* AppDelegate.swift in Sources */,
				BF99DDAD250F92E2005E9449 /* HomeContentViewModel.swift in Sources */,
				BF99DDAA250F914B005E9449 /* WebServices.swift in Sources */,
				BF99DD78250F805C005E9449 /* SceneDelegate.swift in Sources */,
				BF99DDA7250F90E5005E9449 /* Movie.swift in Sources */,
				BFD6F94E250FA0FB00AAAB3B /* AppTabView.swift in Sources */,
				BF99DD7A250F805C005E9449 /* HomeContentView.swift in Sources */,
			);
			runOnlyForDeploymentPostprocessing = 0;
		};
		BF99DD84250F805E005E9449 /* Sources */ = {
			isa = PBXSourcesBuildPhase;
			buildActionMask = 2147483647;
			files = (
				BF99DD8D250F805E005E9449 /* NetflixSwiftUITests.swift in Sources */,
			);
			runOnlyForDeploymentPostprocessing = 0;
		};
		BF99DD8F250F805E005E9449 /* Sources */ = {
			isa = PBXSourcesBuildPhase;
			buildActionMask = 2147483647;
			files = (
				BF99DD98250F805E005E9449 /* NetflixSwiftUIUITests.swift in Sources */,
			);
			runOnlyForDeploymentPostprocessing = 0;
		};
/* End PBXSourcesBuildPhase section */

/* Begin PBXTargetDependency section */
		BF99DD8A250F805E005E9449 /* PBXTargetDependency */ = {
			isa = PBXTargetDependency;
			target = BF99DD71250F805C005E9449 /* NetflixSwiftUI */;
			targetProxy = BF99DD89250F805E005E9449 /* PBXContainerItemProxy */;
		};
		BF99DD95250F805E005E9449 /* PBXTargetDependency */ = {
			isa = PBXTargetDependency;
			target = BF99DD71250F805C005E9449 /* NetflixSwiftUI */;
			targetProxy = BF99DD94250F805E005E9449 /* PBXContainerItemProxy */;
		};
/* End PBXTargetDependency section */

/* Begin PBXVariantGroup section */
		BF99DD80250F805E005E9449 /* LaunchScreen.storyboard */ = {
			isa = PBXVariantGroup;
			children = (
				BF99DD81250F805E005E9449 /* Base */,
			);
			name = LaunchScreen.storyboard;
			sourceTree = "<group>";
		};
/* End PBXVariantGroup section */

/* Begin XCBuildConfiguration section */
		BF99DD9A250F805E005E9449 /* Debug */ = {
			isa = XCBuildConfiguration;
			buildSettings = {
				ALWAYS_SEARCH_USER_PATHS = NO;
				CLANG_ANALYZER_NONNULL = YES;
				CLANG_ANALYZER_NUMBER_OBJECT_CONVERSION = YES_AGGRESSIVE;
				CLANG_CXX_LANGUAGE_STANDARD = "gnu++14";
				CLANG_CXX_LIBRARY = "libc++";
				CLANG_ENABLE_MODULES = YES;
				CLANG_ENABLE_OBJC_ARC = YES;
				CLANG_ENABLE_OBJC_WEAK = YES;
				CLANG_WARN_BLOCK_CAPTURE_AUTORELEASING = YES;
				CLANG_WARN_BOOL_CONVERSION = YES;
				CLANG_WARN_COMMA = YES;
				CLANG_WARN_CONSTANT_CONVERSION = YES;
				CLANG_WARN_DEPRECATED_OBJC_IMPLEMENTATIONS = YES;
				CLANG_WARN_DIRECT_OBJC_ISA_USAGE = YES_ERROR;
				CLANG_WARN_DOCUMENTATION_COMMENTS = YES;
				CLANG_WARN_EMPTY_BODY = YES;
				CLANG_WARN_ENUM_CONVERSION = YES;
				CLANG_WARN_INFINITE_RECURSION = YES;
				CLANG_WARN_INT_CONVERSION = YES;
				CLANG_WARN_NON_LITERAL_NULL_CONVERSION = YES;
				CLANG_WARN_OBJC_IMPLICIT_RETAIN_SELF = YES;
				CLANG_WARN_OBJC_LITERAL_CONVERSION = YES;
				CLANG_WARN_OBJC_ROOT_CLASS = YES_ERROR;
				CLANG_WARN_RANGE_LOOP_ANALYSIS = YES;
				CLANG_WARN_STRICT_PROTOTYPES = YES;
				CLANG_WARN_SUSPICIOUS_MOVE = YES;
				CLANG_WARN_UNGUARDED_AVAILABILITY = YES_AGGRESSIVE;
				CLANG_WARN_UNREACHABLE_CODE = YES;
				CLANG_WARN__DUPLICATE_METHOD_MATCH = YES;
				COPY_PHASE_STRIP = NO;
				DEBUG_INFORMATION_FORMAT = dwarf;
				ENABLE_STRICT_OBJC_MSGSEND = YES;
				ENABLE_TESTABILITY = YES;
				GCC_C_LANGUAGE_STANDARD = gnu11;
				GCC_DYNAMIC_NO_PIC = NO;
				GCC_NO_COMMON_BLOCKS = YES;
				GCC_OPTIMIZATION_LEVEL = 0;
				GCC_PREPROCESSOR_DEFINITIONS = (
					"DEBUG=1",
					"$(inherited)",
				);
				GCC_WARN_64_TO_32_BIT_CONVERSION = YES;
				GCC_WARN_ABOUT_RETURN_TYPE = YES_ERROR;
				GCC_WARN_UNDECLARED_SELECTOR = YES;
				GCC_WARN_UNINITIALIZED_AUTOS = YES_AGGRESSIVE;
				GCC_WARN_UNUSED_FUNCTION = YES;
				GCC_WARN_UNUSED_VARIABLE = YES;
				IPHONEOS_DEPLOYMENT_TARGET = 13.7;
				MTL_ENABLE_DEBUG_INFO = INCLUDE_SOURCE;
				MTL_FAST_MATH = YES;
				ONLY_ACTIVE_ARCH = YES;
				SDKROOT = iphoneos;
				SWIFT_ACTIVE_COMPILATION_CONDITIONS = DEBUG;
				SWIFT_OPTIMIZATION_LEVEL = "-Onone";
			};
			name = Debug;
		};
		BF99DD9B250F805E005E9449 /* Release */ = {
			isa = XCBuildConfiguration;
			buildSettings = {
				ALWAYS_SEARCH_USER_PATHS = NO;
				CLANG_ANALYZER_NONNULL = YES;
				CLANG_ANALYZER_NUMBER_OBJECT_CONVERSION = YES_AGGRESSIVE;
				CLANG_CXX_LANGUAGE_STANDARD = "gnu++14";
				CLANG_CXX_LIBRARY = "libc++";
				CLANG_ENABLE_MODULES = YES;
				CLANG_ENABLE_OBJC_ARC = YES;
				CLANG_ENABLE_OBJC_WEAK = YES;
				CLANG_WARN_BLOCK_CAPTURE_AUTORELEASING = YES;
				CLANG_WARN_BOOL_CONVERSION = YES;
				CLANG_WARN_COMMA = YES;
				CLANG_WARN_CONSTANT_CONVERSION = YES;
				CLANG_WARN_DEPRECATED_OBJC_IMPLEMENTATIONS = YES;
				CLANG_WARN_DIRECT_OBJC_ISA_USAGE = YES_ERROR;
				CLANG_WARN_DOCUMENTATION_COMMENTS = YES;
				CLANG_WARN_EMPTY_BODY = YES;
				CLANG_WARN_ENUM_CONVERSION = YES;
				CLANG_WARN_INFINITE_RECURSION = YES;
				CLANG_WARN_INT_CONVERSION = YES;
				CLANG_WARN_NON_LITERAL_NULL_CONVERSION = YES;
				CLANG_WARN_OBJC_IMPLICIT_RETAIN_SELF = YES;
				CLANG_WARN_OBJC_LITERAL_CONVERSION = YES;
				CLANG_WARN_OBJC_ROOT_CLASS = YES_ERROR;
				CLANG_WARN_RANGE_LOOP_ANALYSIS = YES;
				CLANG_WARN_STRICT_PROTOTYPES = YES;
				CLANG_WARN_SUSPICIOUS_MOVE = YES;
				CLANG_WARN_UNGUARDED_AVAILABILITY = YES_AGGRESSIVE;
				CLANG_WARN_UNREACHABLE_CODE = YES;
				CLANG_WARN__DUPLICATE_METHOD_MATCH = YES;
				COPY_PHASE_STRIP = NO;
				DEBUG_INFORMATION_FORMAT = "dwarf-with-dsym";
				ENABLE_NS_ASSERTIONS = NO;
				ENABLE_STRICT_OBJC_MSGSEND = YES;
				GCC_C_LANGUAGE_STANDARD = gnu11;
				GCC_NO_COMMON_BLOCKS = YES;
				GCC_WARN_64_TO_32_BIT_CONVERSION = YES;
				GCC_WARN_ABOUT_RETURN_TYPE = YES_ERROR;
				GCC_WARN_UNDECLARED_SELECTOR = YES;
				GCC_WARN_UNINITIALIZED_AUTOS = YES_AGGRESSIVE;
				GCC_WARN_UNUSED_FUNCTION = YES;
				GCC_WARN_UNUSED_VARIABLE = YES;
				IPHONEOS_DEPLOYMENT_TARGET = 13.7;
				MTL_ENABLE_DEBUG_INFO = NO;
				MTL_FAST_MATH = YES;
				SDKROOT = iphoneos;
				SWIFT_COMPILATION_MODE = wholemodule;
				SWIFT_OPTIMIZATION_LEVEL = "-O";
				VALIDATE_PRODUCT = YES;
			};
			name = Release;
		};
		BF99DD9D250F805E005E9449 /* Debug */ = {
			isa = XCBuildConfiguration;
			buildSettings = {
				ASSETCATALOG_COMPILER_APPICON_NAME = AppIcon;
				CODE_SIGN_STYLE = Automatic;
				DEVELOPMENT_ASSET_PATHS = "\"NetflixSwiftUI/Preview Content\"";
				ENABLE_PREVIEWS = YES;
				INFOPLIST_FILE = NetflixSwiftUI/Info.plist;
				LD_RUNPATH_SEARCH_PATHS = (
					"$(inherited)",
					"@executable_path/Frameworks",
				);
				PRODUCT_BUNDLE_IDENTIFIER = com.jayantagogoi.NetflixSwiftUI;
				PRODUCT_NAME = "$(TARGET_NAME)";
				SWIFT_VERSION = 5.0;
				TARGETED_DEVICE_FAMILY = "1,2";
			};
			name = Debug;
		};
		BF99DD9E250F805E005E9449 /* Release */ = {
			isa = XCBuildConfiguration;
			buildSettings = {
				ASSETCATALOG_COMPILER_APPICON_NAME = AppIcon;
				CODE_SIGN_STYLE = Automatic;
				DEVELOPMENT_ASSET_PATHS = "\"NetflixSwiftUI/Preview Content\"";
				ENABLE_PREVIEWS = YES;
				INFOPLIST_FILE = NetflixSwiftUI/Info.plist;
				LD_RUNPATH_SEARCH_PATHS = (
					"$(inherited)",
					"@executable_path/Frameworks",
				);
				PRODUCT_BUNDLE_IDENTIFIER = com.jayantagogoi.NetflixSwiftUI;
				PRODUCT_NAME = "$(TARGET_NAME)";
				SWIFT_VERSION = 5.0;
				TARGETED_DEVICE_FAMILY = "1,2";
			};
			name = Release;
		};
		BF99DDA0250F805E005E9449 /* Debug */ = {
			isa = XCBuildConfiguration;
			buildSettings = {
				ALWAYS_EMBED_SWIFT_STANDARD_LIBRARIES = YES;
				BUNDLE_LOADER = "$(TEST_HOST)";
				CODE_SIGN_STYLE = Automatic;
				INFOPLIST_FILE = NetflixSwiftUITests/Info.plist;
				IPHONEOS_DEPLOYMENT_TARGET = 13.7;
				LD_RUNPATH_SEARCH_PATHS = (
					"$(inherited)",
					"@executable_path/Frameworks",
					"@loader_path/Frameworks",
				);
				PRODUCT_BUNDLE_IDENTIFIER = com.jayantagogoi.NetflixSwiftUITests;
				PRODUCT_NAME = "$(TARGET_NAME)";
				SWIFT_VERSION = 5.0;
				TARGETED_DEVICE_FAMILY = "1,2";
				TEST_HOST = "$(BUILT_PRODUCTS_DIR)/NetflixSwiftUI.app/NetflixSwiftUI";
			};
			name = Debug;
		};
		BF99DDA1250F805E005E9449 /* Release */ = {
			isa = XCBuildConfiguration;
			buildSettings = {
				ALWAYS_EMBED_SWIFT_STANDARD_LIBRARIES = YES;
				BUNDLE_LOADER = "$(TEST_HOST)";
				CODE_SIGN_STYLE = Automatic;
				INFOPLIST_FILE = NetflixSwiftUITests/Info.plist;
				IPHONEOS_DEPLOYMENT_TARGET = 13.7;
				LD_RUNPATH_SEARCH_PATHS = (
					"$(inherited)",
					"@executable_path/Frameworks",
					"@loader_path/Frameworks",
				);
				PRODUCT_BUNDLE_IDENTIFIER = com.jayantagogoi.NetflixSwiftUITests;
				PRODUCT_NAME = "$(TARGET_NAME)";
				SWIFT_VERSION = 5.0;
				TARGETED_DEVICE_FAMILY = "1,2";
				TEST_HOST = "$(BUILT_PRODUCTS_DIR)/NetflixSwiftUI.app/NetflixSwiftUI";
			};
			name = Release;
		};
		BF99DDA3250F805E005E9449 /* Debug */ = {
			isa = XCBuildConfiguration;
			buildSettings = {
				ALWAYS_EMBED_SWIFT_STANDARD_LIBRARIES = YES;
				CODE_SIGN_STYLE = Automatic;
				INFOPLIST_FILE = NetflixSwiftUIUITests/Info.plist;
				LD_RUNPATH_SEARCH_PATHS = (
					"$(inherited)",
					"@executable_path/Frameworks",
					"@loader_path/Frameworks",
				);
				PRODUCT_BUNDLE_IDENTIFIER = com.jayantagogoi.NetflixSwiftUIUITests;
				PRODUCT_NAME = "$(TARGET_NAME)";
				SWIFT_VERSION = 5.0;
				TARGETED_DEVICE_FAMILY = "1,2";
				TEST_TARGET_NAME = NetflixSwiftUI;
			};
			name = Debug;
		};
		BF99DDA4250F805E005E9449 /* Release */ = {
			isa = XCBuildConfiguration;
			buildSettings = {
				ALWAYS_EMBED_SWIFT_STANDARD_LIBRARIES = YES;
				CODE_SIGN_STYLE = Automatic;
				INFOPLIST_FILE = NetflixSwiftUIUITests/Info.plist;
				LD_RUNPATH_SEARCH_PATHS = (
					"$(inherited)",
					"@executable_path/Frameworks",
					"@loader_path/Frameworks",
				);
				PRODUCT_BUNDLE_IDENTIFIER = com.jayantagogoi.NetflixSwiftUIUITests;
				PRODUCT_NAME = "$(TARGET_NAME)";
				SWIFT_VERSION = 5.0;
				TARGETED_DEVICE_FAMILY = "1,2";
				TEST_TARGET_NAME = NetflixSwiftUI;
			};
			name = Release;
		};
/* End XCBuildConfiguration section */

/* Begin XCConfigurationList section */
		BF99DD6D250F805C005E9449 /* Build configuration list for PBXProject "NetflixSwiftUI" */ = {
			isa = XCConfigurationList;
			buildConfigurations = (
				BF99DD9A250F805E005E9449 /* Debug */,
				BF99DD9B250F805E005E9449 /* Release */,
			);
			defaultConfigurationIsVisible = 0;
			defaultConfigurationName = Release;
		};
		BF99DD9C250F805E005E9449 /* Build configuration list for PBXNativeTarget "NetflixSwiftUI" */ = {
			isa = XCConfigurationList;
			buildConfigurations = (
				BF99DD9D250F805E005E9449 /* Debug */,
				BF99DD9E250F805E005E9449 /* Release */,
			);
			defaultConfigurationIsVisible = 0;
			defaultConfigurationName = Release;
		};
		BF99DD9F250F805E005E9449 /* Build configuration list for PBXNativeTarget "NetflixSwiftUITests" */ = {
			isa = XCConfigurationList;
			buildConfigurations = (
				BF99DDA0250F805E005E9449 /* Debug */,
				BF99DDA1250F805E005E9449 /* Release */,
			);
			defaultConfigurationIsVisible = 0;
			defaultConfigurationName = Release;
		};
		BF99DDA2250F805E005E9449 /* Build configuration list for PBXNativeTarget "NetflixSwiftUIUITests" */ = {
			isa = XCConfigurationList;
			buildConfigurations = (
				BF99DDA3250F805E005E9449 /* Debug */,
				BF99DDA4250F805E005E9449 /* Release */,
			);
			defaultConfigurationIsVisible = 0;
			defaultConfigurationName = Release;
		};
/* End XCConfigurationList section */
	};
	rootObject = BF99DD6A250F805C005E9449 /* Project object */;
}
